
Microsoft Visual Studio Solution File, Format Version 12.00
# Visual Studio 15
VisualStudioVersion = 15.0.27924.0
MinimumVisualStudioVersion = 10.0.40219.1
Project("{FAE04EC0-301F-11D3-BF4B-00C04F79EFBC}") = "buttonCSharpVSTS", "buttonCSharpVSTS\buttonCSharpVSTS.csproj", "{6B035E2B-A841-4CF9-B953-D068928A6062}"
EndProject
Project("{FAE04EC0-301F-11D3-BF4B-00C04F79EFBC}") = "buttonCSharp.Tests", "buttonCSharp.Tests\buttonCSharp.Tests.csproj", "{31A318EE-3A65-489B-BC9F-06CE277FD433}"
EndProject
Project("{9A19103F-16F7-4668-BE54-9A1E7A4F7556}") = "FunctionTestHelper", "FunctionTestHelper\FunctionTestHelper.csproj", "{657F9B28-B308-4404-A5DF-9B70B629C133}"
EndProject
Project("{9A19103F-16F7-4668-BE54-9A1E7A4F7556}") = "buttonCSharp.Tests.Integration", "FunctionApp.Tests.Integration\buttonCSharp.Tests.Integration.csproj", "{29D053ED-F817-4C5C-B0E5-B19E95205D40}"
EndProject
Project("{2150E333-8FDC-42A3-9474-1A3956D46DE8}") = "Solution Items", "Solution Items", "{96D4F4D8-19CA-43DB-BF26-8320D376679C}"
	ProjectSection(SolutionItems) = preProject
		NuGet.config = NuGet.config
	EndProjectSection
EndProject
Global
	GlobalSection(SolutionConfigurationPlatforms) = preSolution
		Debug|Any CPU = Debug|Any CPU
		Release|Any CPU = Release|Any CPU
	EndGlobalSection
	GlobalSection(ProjectConfigurationPlatforms) = postSolution
		{6B035E2B-A841-4CF9-B953-D068928A6062}.Debug|Any CPU.ActiveCfg = Debug|Any CPU
		{6B035E2B-A841-4CF9-B953-D068928A6062}.Debug|Any CPU.Build.0 = Debug|Any CPU
		{6B035E2B-A841-4CF9-B953-D068928A6062}.Release|Any CPU.ActiveCfg = Release|Any CPU
		{6B035E2B-A841-4CF9-B953-D068928A6062}.Release|Any CPU.Build.0 = Release|Any CPU
		{31A318EE-3A65-489B-BC9F-06CE277FD433}.Debug|Any CPU.ActiveCfg = Debug|Any CPU
		{31A318EE-3A65-489B-BC9F-06CE277FD433}.Debug|Any CPU.Build.0 = Debug|Any CPU
		{31A318EE-3A65-489B-BC9F-06CE277FD433}.Release|Any CPU.ActiveCfg = Release|Any CPU
		{31A318EE-3A65-489B-BC9F-06CE277FD433}.Release|Any CPU.Build.0 = Release|Any CPU
		{657F9B28-B308-4404-A5DF-9B70B629C133}.Debug|Any CPU.ActiveCfg = Debug|Any CPU
		{657F9B28-B308-4404-A5DF-9B70B629C133}.Debug|Any CPU.Build.0 = Debug|Any CPU
		{657F9B28-B308-4404-A5DF-9B70B629C133}.Release|Any CPU.ActiveCfg = Release|Any CPU
		{657F9B28-B308-4404-A5DF-9B70B629C133}.Release|Any CPU.Build.0 = Release|Any CPU
		{29D053ED-F817-4C5C-B0E5-B19E95205D40}.Debug|Any CPU.ActiveCfg = Debug|Any CPU
		{29D053ED-F817-4C5C-B0E5-B19E95205D40}.Debug|Any CPU.Build.0 = Debug|Any CPU
		{29D053ED-F817-4C5C-B0E5-B19E95205D40}.Release|Any CPU.ActiveCfg = Release|Any CPU
		{29D053ED-F817-4C5C-B0E5-B19E95205D40}.Release|Any CPU.Build.0 = Release|Any CPU
	EndGlobalSection
	GlobalSection(SolutionProperties) = preSolution
		HideSolutionNode = FALSE
	EndGlobalSection
	GlobalSection(ExtensibilityGlobals) = postSolution
		SolutionGuid = {F0D00AB1-9A3E-4104-A639-FFA012A17508}
	EndGlobalSection
EndGlobal
